
Microsoft Visual Studio Solution File, Format Version 12.00
# Visual Studio Version 16
VisualStudioVersion = 16.0.30907.101
MinimumVisualStudioVersion = 10.0.40219.1
Project("{FAE04EC0-301F-11D3-BF4B-00C04F79EFBC}") = "Regression", "Regression.csproj", "{7FD02CE2-8380-4F23-8FFC-78BBC812E024}"
EndProject
Global
	GlobalSection(SolutionConfigurationPlatforms) = preSolution
		Debug|Any CPU = Debug|Any CPU
		Release|Any CPU = Release|Any CPU
	EndGlobalSection
	GlobalSection(ProjectConfigurationPlatforms) = postSolution
		{7FD02CE2-8380-4F23-8FFC-78BBC812E024}.Debug|Any CPU.ActiveCfg = Debug|Any CPU
		{7FD02CE2-8380-4F23-8FFC-78BBC812E024}.Debug|Any CPU.Build.0 = Debug|Any CPU
		{7FD02CE2-8380-4F23-8FFC-78BBC812E024}.Release|Any CPU.ActiveCfg = Release|Any CPU
		{7FD02CE2-8380-4F23-8FFC-78BBC812E024}.Release|Any CPU.Build.0 = Release|Any CPU
	EndGlobalSection
	GlobalSection(SolutionProperties) = preSolution
		HideSolutionNode = FALSE
	EndGlobalSection
	GlobalSection(ExtensibilityGlobals) = postSolution
		SolutionGuid = {0DF999E9-66B9-4AE5-8ED9-488B5AC8DFF2}
	EndGlobalSection
EndGlobal
